// !$*UTF8*$!
{
	archiveVersion = 1;
	classes = {
	};
	objectVersion = 50;
	objects = {

/* Begin PBXBuildFile section */
		7F3CE97A22925D4D008DFC9E /* AppDelegate.swift in Sources */ = {isa = PBXBuildFile; fileRef = 7F3CE97922925D4D008DFC9E /* AppDelegate.swift */; };
		7F3CE97C22925D4D008DFC9E /* ViewController.swift in Sources */ = {isa = PBXBuildFile; fileRef = 7F3CE97B22925D4D008DFC9E /* ViewController.swift */; };
		7F3CE97F22925D4D008DFC9E /* Main.storyboard in Resources */ = {isa = PBXBuildFile; fileRef = 7F3CE97D22925D4D008DFC9E /* Main.storyboard */; };
		7F3CE98222925D4D008DFC9E /* fear.xcdatamodeld in Sources */ = {isa = PBXBuildFile; fileRef = 7F3CE98022925D4D008DFC9E /* fear.xcdatamodeld */; };
		7F3CE98422925D4F008DFC9E /* Assets.xcassets in Resources */ = {isa = PBXBuildFile; fileRef = 7F3CE98322925D4F008DFC9E /* Assets.xcassets */; };
		7F3CE98722925D4F008DFC9E /* LaunchScreen.storyboard in Resources */ = {isa = PBXBuildFile; fileRef = 7F3CE98522925D4F008DFC9E /* LaunchScreen.storyboard */; };
		7F3CE98F229262F9008DFC9E /* Extensions+UIView.swift in Sources */ = {isa = PBXBuildFile; fileRef = 7F3CE98E229262F9008DFC9E /* Extensions+UIView.swift */; };
		7FD76ED8229330F40083C604 /* Flies.swift in Sources */ = {isa = PBXBuildFile; fileRef = 7FD76ED7229330F40083C604 /* Flies.swift */; };
		7FD864F42299B04C00A0C013 /* horor-3.mp3 in Resources */ = {isa = PBXBuildFile; fileRef = 7FD864F32299B04C00A0C013 /* horor-3.mp3 */; };
		7FD864F6229A546F00A0C013 /* scream1.mp3 in Resources */ = {isa = PBXBuildFile; fileRef = 7FD864F5229A546F00A0C013 /* scream1.mp3 */; };
		7FD864F8229AD69900A0C013 /* scream2.mp3 in Resources */ = {isa = PBXBuildFile; fileRef = 7FD864F7229AD69900A0C013 /* scream2.mp3 */; };
		7FD86652229708B4000F7C2D /* flies-sound.mp3 in Resources */ = {isa = PBXBuildFile; fileRef = 7FD86651229708B4000F7C2D /* flies-sound.mp3 */; };
		7FD8665622971161000F7C2D /* horor-1.mp3 in Resources */ = {isa = PBXBuildFile; fileRef = 7FD8665522971161000F7C2D /* horor-1.mp3 */; };
		7FD8665822971209000F7C2D /* Composer.swift in Sources */ = {isa = PBXBuildFile; fileRef = 7FD8665722971209000F7C2D /* Composer.swift */; };
		7FD8665A2297AF47000F7C2D /* horor-2.mp3 in Resources */ = {isa = PBXBuildFile; fileRef = 7FD866592297AF47000F7C2D /* horor-2.mp3 */; };
		7FE34ABF2295D7EB006BAD40 /* LightEyes.swift in Sources */ = {isa = PBXBuildFile; fileRef = 7FE34ABE2295D7EB006BAD40 /* LightEyes.swift */; };
/* End PBXBuildFile section */

/* Begin PBXFileReference section */
		7F3CE97622925D4D008DFC9E /* fear.app */ = {isa = PBXFileReference; explicitFileType = wrapper.application; includeInIndex = 0; path = fear.app; sourceTree = BUILT_PRODUCTS_DIR; };
		7F3CE97922925D4D008DFC9E /* AppDelegate.swift */ = {isa = PBXFileReference; lastKnownFileType = sourcecode.swift; path = AppDelegate.swift; sourceTree = "<group>"; };
		7F3CE97B22925D4D008DFC9E /* ViewController.swift */ = {isa = PBXFileReference; lastKnownFileType = sourcecode.swift; path = ViewController.swift; sourceTree = "<group>"; };
		7F3CE97E22925D4D008DFC9E /* Base */ = {isa = PBXFileReference; lastKnownFileType = file.storyboard; name = Base; path = Base.lproj/Main.storyboard; sourceTree = "<group>"; };
		7F3CE98122925D4D008DFC9E /* fear.xcdatamodel */ = {isa = PBXFileReference; lastKnownFileType = wrapper.xcdatamodel; path = fear.xcdatamodel; sourceTree = "<group>"; };
		7F3CE98322925D4F008DFC9E /* Assets.xcassets */ = {isa = PBXFileReference; lastKnownFileType = folder.assetcatalog; path = Assets.xcassets; sourceTree = "<group>"; };
		7F3CE98622925D4F008DFC9E /* Base */ = {isa = PBXFileReference; lastKnownFileType = file.storyboard; name = Base; path = Base.lproj/LaunchScreen.storyboard; sourceTree = "<group>"; };
		7F3CE98822925D4F008DFC9E /* Info.plist */ = {isa = PBXFileReference; lastKnownFileType = text.plist.xml; path = Info.plist; sourceTree = "<group>"; };
		7F3CE98E229262F9008DFC9E /* Extensions+UIView.swift */ = {isa = PBXFileReference; fileEncoding = 4; lastKnownFileType = sourcecode.swift; name = "Extensions+UIView.swift"; path = "../../My Components/Auto Layout Extensions/Auto Layout Extensions/Extensions+UIView.swift"; sourceTree = "<group>"; };
		7FD76ED7229330F40083C604 /* Flies.swift */ = {isa = PBXFileReference; lastKnownFileType = sourcecode.swift; path = Flies.swift; sourceTree = "<group>"; };
		7FD864F32299B04C00A0C013 /* horor-3.mp3 */ = {isa = PBXFileReference; lastKnownFileType = audio.mp3; path = "horor-3.mp3"; sourceTree = "<group>"; };
		7FD864F5229A546F00A0C013 /* scream1.mp3 */ = {isa = PBXFileReference; lastKnownFileType = audio.mp3; path = scream1.mp3; sourceTree = "<group>"; };
		7FD864F7229AD69900A0C013 /* scream2.mp3 */ = {isa = PBXFileReference; lastKnownFileType = audio.mp3; path = scream2.mp3; sourceTree = "<group>"; };
		7FD86651229708B4000F7C2D /* flies-sound.mp3 */ = {isa = PBXFileReference; lastKnownFileType = audio.mp3; path = "flies-sound.mp3"; sourceTree = "<group>"; };
		7FD8665522971161000F7C2D /* horor-1.mp3 */ = {isa = PBXFileReference; lastKnownFileType = audio.mp3; name = "horor-1.mp3"; path = "../../../../../AppleAcademy/Challenge/Nano Challenge 1/Resources/horor-1.mp3"; sourceTree = "<group>"; };
		7FD8665722971209000F7C2D /* Composer.swift */ = {isa = PBXFileReference; lastKnownFileType = sourcecode.swift; path = Composer.swift; sourceTree = "<group>"; };
		7FD866592297AF47000F7C2D /* horor-2.mp3 */ = {isa = PBXFileReference; lastKnownFileType = audio.mp3; path = "horor-2.mp3"; sourceTree = "<group>"; };
		7FE34ABE2295D7EB006BAD40 /* LightEyes.swift */ = {isa = PBXFileReference; lastKnownFileType = sourcecode.swift; path = LightEyes.swift; sourceTree = "<group>"; };
/* End PBXFileReference section */

/* Begin PBXFrameworksBuildPhase section */
		7F3CE97322925D4D008DFC9E /* Frameworks */ = {
			isa = PBXFrameworksBuildPhase;
			buildActionMask = 2147483647;
			files = (
			);
			runOnlyForDeploymentPostprocessing = 0;
		};
/* End PBXFrameworksBuildPhase section */

/* Begin PBXGroup section */
		7F3CE96D22925D4D008DFC9E = {
			isa = PBXGroup;
			children = (
				7F3CE97822925D4D008DFC9E /* fear */,
				7F3CE97722925D4D008DFC9E /* Products */,
			);
			sourceTree = "<group>";
		};
		7F3CE97722925D4D008DFC9E /* Products */ = {
			isa = PBXGroup;
			children = (
				7F3CE97622925D4D008DFC9E /* fear.app */,
			);
			name = Products;
			sourceTree = "<group>";
		};
		7F3CE97822925D4D008DFC9E /* fear */ = {
			isa = PBXGroup;
			children = (
				7FD76ED6229330A90083C604 /* Elements */,
				7F3CE97922925D4D008DFC9E /* AppDelegate.swift */,
				7F3CE97B22925D4D008DFC9E /* ViewController.swift */,
				7F3CE97D22925D4D008DFC9E /* Main.storyboard */,
				7F3CE98322925D4F008DFC9E /* Assets.xcassets */,
				7F3CE98522925D4F008DFC9E /* LaunchScreen.storyboard */,
				7F3CE98822925D4F008DFC9E /* Info.plist */,
				7FD866502296CC08000F7C2D /* Sounds */,
				7F3CE98E229262F9008DFC9E /* Extensions+UIView.swift */,
				7F3CE98022925D4D008DFC9E /* fear.xcdatamodeld */,
			);
			path = fear;
			sourceTree = "<group>";
		};
		7FD76ED6229330A90083C604 /* Elements */ = {
			isa = PBXGroup;
			children = (
				7FD76ED7229330F40083C604 /* Flies.swift */,
				7FE34ABE2295D7EB006BAD40 /* LightEyes.swift */,
				7FD8665722971209000F7C2D /* Composer.swift */,
			);
			path = Elements;
			sourceTree = "<group>";
		};
		7FD866502296CC08000F7C2D /* Sounds */ = {
			isa = PBXGroup;
			children = (
				7FD864F7229AD69900A0C013 /* scream2.mp3 */,
				7FD864F5229A546F00A0C013 /* scream1.mp3 */,
				7FD864F32299B04C00A0C013 /* horor-3.mp3 */,
				7FD866592297AF47000F7C2D /* horor-2.mp3 */,
				7FD8665522971161000F7C2D /* horor-1.mp3 */,
				7FD86651229708B4000F7C2D /* flies-sound.mp3 */,
			);
			path = Sounds;
			sourceTree = "<group>";
		};
/* End PBXGroup section */

/* Begin PBXNativeTarget section */
		7F3CE97522925D4D008DFC9E /* fear */ = {
			isa = PBXNativeTarget;
			buildConfigurationList = 7F3CE98B22925D4F008DFC9E /* Build configuration list for PBXNativeTarget "fear" */;
			buildPhases = (
				7F3CE97222925D4D008DFC9E /* Sources */,
				7F3CE97322925D4D008DFC9E /* Frameworks */,
				7F3CE97422925D4D008DFC9E /* Resources */,
			);
			buildRules = (
			);
			dependencies = (
			);
			name = fear;
			productName = fear;
			productReference = 7F3CE97622925D4D008DFC9E /* fear.app */;
			productType = "com.apple.product-type.application";
		};
/* End PBXNativeTarget section */

/* Begin PBXProject section */
		7F3CE96E22925D4D008DFC9E /* Project object */ = {
			isa = PBXProject;
			attributes = {
				LastSwiftUpdateCheck = 1020;
				LastUpgradeCheck = 1020;
				ORGANIZATIONNAME = ridolud;
				TargetAttributes = {
					7F3CE97522925D4D008DFC9E = {
						CreatedOnToolsVersion = 10.2.1;
						SystemCapabilities = {
							com.apple.BackgroundModes = {
								enabled = 1;
							};
						};
					};
				};
			};
			buildConfigurationList = 7F3CE97122925D4D008DFC9E /* Build configuration list for PBXProject "fear" */;
			compatibilityVersion = "Xcode 9.3";
			developmentRegion = en;
			hasScannedForEncodings = 0;
			knownRegions = (
				en,
				Base,
			);
			mainGroup = 7F3CE96D22925D4D008DFC9E;
			productRefGroup = 7F3CE97722925D4D008DFC9E /* Products */;
			projectDirPath = "";
			projectRoot = "";
			targets = (
				7F3CE97522925D4D008DFC9E /* fear */,
			);
		};
/* End PBXProject section */

/* Begin PBXResourcesBuildPhase section */
		7F3CE97422925D4D008DFC9E /* Resources */ = {
			isa = PBXResourcesBuildPhase;
			buildActionMask = 2147483647;
			files = (
				7FD8665622971161000F7C2D /* horor-1.mp3 in Resources */,
				7FD864F42299B04C00A0C013 /* horor-3.mp3 in Resources */,
				7F3CE98722925D4F008DFC9E /* LaunchScreen.storyboard in Resources */,
				7F3CE98422925D4F008DFC9E /* Assets.xcassets in Resources */,
				7FD864F8229AD69900A0C013 /* scream2.mp3 in Resources */,
				7FD86652229708B4000F7C2D /* flies-sound.mp3 in Resources */,
				7FD864F6229A546F00A0C013 /* scream1.mp3 in Resources */,
				7FD8665A2297AF47000F7C2D /* horor-2.mp3 in Resources */,
				7F3CE97F22925D4D008DFC9E /* Main.storyboard in Resources */,
			);
			runOnlyForDeploymentPostprocessing = 0;
		};
/* End PBXResourcesBuildPhase section */

/* Begin PBXSourcesBuildPhase section */
		7F3CE97222925D4D008DFC9E /* Sources */ = {
			isa = PBXSourcesBuildPhase;
			buildActionMask = 2147483647;
			files = (
				7F3CE98222925D4D008DFC9E /* fear.xcdatamodeld in Sources */,
				7F3CE97C22925D4D008DFC9E /* ViewController.swift in Sources */,
				7FD76ED8229330F40083C604 /* Flies.swift in Sources */,
				7F3CE98F229262F9008DFC9E /* Extensions+UIView.swift in Sources */,
				7FD8665822971209000F7C2D /* Composer.swift in Sources */,
				7FE34ABF2295D7EB006BAD40 /* LightEyes.swift in Sources */,
				7F3CE97A22925D4D008DFC9E /* AppDelegate.swift in Sources */,
			);
			runOnlyForDeploymentPostprocessing = 0;
		};
/* End PBXSourcesBuildPhase section */

/* Begin PBXVariantGroup section */
		7F3CE97D22925D4D008DFC9E /* Main.storyboard */ = {
			isa = PBXVariantGroup;
			children = (
				7F3CE97E22925D4D008DFC9E /* Base */,
			);
			name = Main.storyboard;
			sourceTree = "<group>";
		};
		7F3CE98522925D4F008DFC9E /* LaunchScreen.storyboard */ = {
			isa = PBXVariantGroup;
			children = (
				7F3CE98622925D4F008DFC9E /* Base */,
			);
			name = LaunchScreen.storyboard;
			sourceTree = "<group>";
		};
/* End PBXVariantGroup section */

/* Begin XCBuildConfiguration section */
		7F3CE98922925D4F008DFC9E /* Debug */ = {
			isa = XCBuildConfiguration;
			buildSettings = {
				ALWAYS_SEARCH_USER_PATHS = NO;
				CLANG_ANALYZER_NONNULL = YES;
				CLANG_ANALYZER_NUMBER_OBJECT_CONVERSION = YES_AGGRESSIVE;
				CLANG_CXX_LANGUAGE_STANDARD = "gnu++14";
				CLANG_CXX_LIBRARY = "libc++";
				CLANG_ENABLE_MODULES = YES;
				CLANG_ENABLE_OBJC_ARC = YES;
				CLANG_ENABLE_OBJC_WEAK = YES;
				CLANG_WARN_BLOCK_CAPTURE_AUTORELEASING = YES;
				CLANG_WARN_BOOL_CONVERSION = YES;
				CLANG_WARN_COMMA = YES;
				CLANG_WARN_CONSTANT_CONVERSION = YES;
				CLANG_WARN_DEPRECATED_OBJC_IMPLEMENTATIONS = YES;
				CLANG_WARN_DIRECT_OBJC_ISA_USAGE = YES_ERROR;
				CLANG_WARN_DOCUMENTATION_COMMENTS = YES;
				CLANG_WARN_EMPTY_BODY = YES;
				CLANG_WARN_ENUM_CONVERSION = YES;
				CLANG_WARN_INFINITE_RECURSION = YES;
				CLANG_WARN_INT_CONVERSION = YES;
				CLANG_WARN_NON_LITERAL_NULL_CONVERSION = YES;
				CLANG_WARN_OBJC_IMPLICIT_RETAIN_SELF = YES;
				CLANG_WARN_OBJC_LITERAL_CONVERSION = YES;
				CLANG_WARN_OBJC_ROOT_CLASS = YES_ERROR;
				CLANG_WARN_RANGE_LOOP_ANALYSIS = YES;
				CLANG_WARN_STRICT_PROTOTYPES = YES;
				CLANG_WARN_SUSPICIOUS_MOVE = YES;
				CLANG_WARN_UNGUARDED_AVAILABILITY = YES_AGGRESSIVE;
				CLANG_WARN_UNREACHABLE_CODE = YES;
				CLANG_WARN__DUPLICATE_METHOD_MATCH = YES;
				CODE_SIGN_IDENTITY = "iPhone Developer";
				COPY_PHASE_STRIP = NO;
				DEBUG_INFORMATION_FORMAT = dwarf;
				ENABLE_STRICT_OBJC_MSGSEND = YES;
				ENABLE_TESTABILITY = YES;
				GCC_C_LANGUAGE_STANDARD = gnu11;
				GCC_DYNAMIC_NO_PIC = NO;
				GCC_NO_COMMON_BLOCKS = YES;
				GCC_OPTIMIZATION_LEVEL = 0;
				GCC_PREPROCESSOR_DEFINITIONS = (
					"DEBUG=1",
					"$(inherited)",
				);
				GCC_WARN_64_TO_32_BIT_CONVERSION = YES;
				GCC_WARN_ABOUT_RETURN_TYPE = YES_ERROR;
				GCC_WARN_UNDECLARED_SELECTOR = YES;
				GCC_WARN_UNINITIALIZED_AUTOS = YES_AGGRESSIVE;
				GCC_WARN_UNUSED_FUNCTION = YES;
				GCC_WARN_UNUSED_VARIABLE = YES;
				IPHONEOS_DEPLOYMENT_TARGET = 12.2;
				MTL_ENABLE_DEBUG_INFO = INCLUDE_SOURCE;
				MTL_FAST_MATH = YES;
				ONLY_ACTIVE_ARCH = YES;
				SDKROOT = iphoneos;
				SWIFT_ACTIVE_COMPILATION_CONDITIONS = DEBUG;
				SWIFT_OPTIMIZATION_LEVEL = "-Onone";
			};
			name = Debug;
		};
		7F3CE98A22925D4F008DFC9E /* Release */ = {
			isa = XCBuildConfiguration;
			buildSettings = {
				ALWAYS_SEARCH_USER_PATHS = NO;
				CLANG_ANALYZER_NONNULL = YES;
				CLANG_ANALYZER_NUMBER_OBJECT_CONVERSION = YES_AGGRESSIVE;
				CLANG_CXX_LANGUAGE_STANDARD = "gnu++14";
				CLANG_CXX_LIBRARY = "libc++";
				CLANG_ENABLE_MODULES = YES;
				CLANG_ENABLE_OBJC_ARC = YES;
				CLANG_ENABLE_OBJC_WEAK = YES;
				CLANG_WARN_BLOCK_CAPTURE_AUTORELEASING = YES;
				CLANG_WARN_BOOL_CONVERSION = YES;
				CLANG_WARN_COMMA = YES;
				CLANG_WARN_CONSTANT_CONVERSION = YES;
				CLANG_WARN_DEPRECATED_OBJC_IMPLEMENTATIONS = YES;
				CLANG_WARN_DIRECT_OBJC_ISA_USAGE = YES_ERROR;
				CLANG_WARN_DOCUMENTATION_COMMENTS = YES;
				CLANG_WARN_EMPTY_BODY = YES;
				CLANG_WARN_ENUM_CONVERSION = YES;
				CLANG_WARN_INFINITE_RECURSION = YES;
				CLANG_WARN_INT_CONVERSION = YES;
				CLANG_WARN_NON_LITERAL_NULL_CONVERSION = YES;
				CLANG_WARN_OBJC_IMPLICIT_RETAIN_SELF = YES;
				CLANG_WARN_OBJC_LITERAL_CONVERSION = YES;
				CLANG_WARN_OBJC_ROOT_CLASS = YES_ERROR;
				CLANG_WARN_RANGE_LOOP_ANALYSIS = YES;
				CLANG_WARN_STRICT_PROTOTYPES = YES;
				CLANG_WARN_SUSPICIOUS_MOVE = YES;
				CLANG_WARN_UNGUARDED_AVAILABILITY = YES_AGGRESSIVE;
				CLANG_WARN_UNREACHABLE_CODE = YES;
				CLANG_WARN__DUPLICATE_METHOD_MATCH = YES;
				CODE_SIGN_IDENTITY = "iPhone Developer";
				COPY_PHASE_STRIP = NO;
				DEBUG_INFORMATION_FORMAT = "dwarf-with-dsym";
				ENABLE_NS_ASSERTIONS = NO;
				ENABLE_STRICT_OBJC_MSGSEND = YES;
				GCC_C_LANGUAGE_STANDARD = gnu11;
				GCC_NO_COMMON_BLOCKS = YES;
				GCC_WARN_64_TO_32_BIT_CONVERSION = YES;
				GCC_WARN_ABOUT_RETURN_TYPE = YES_ERROR;
				GCC_WARN_UNDECLARED_SELECTOR = YES;
				GCC_WARN_UNINITIALIZED_AUTOS = YES_AGGRESSIVE;
				GCC_WARN_UNUSED_FUNCTION = YES;
				GCC_WARN_UNUSED_VARIABLE = YES;
				IPHONEOS_DEPLOYMENT_TARGET = 12.2;
				MTL_ENABLE_DEBUG_INFO = NO;
				MTL_FAST_MATH = YES;
				SDKROOT = iphoneos;
				SWIFT_COMPILATION_MODE = wholemodule;
				SWIFT_OPTIMIZATION_LEVEL = "-O";
				VALIDATE_PRODUCT = YES;
			};
			name = Release;
		};
		7F3CE98C22925D4F008DFC9E /* Debug */ = {
			isa = XCBuildConfiguration;
			buildSettings = {
				ASSETCATALOG_COMPILER_APPICON_NAME = AppIcon;
				CODE_SIGN_STYLE = Automatic;
				DEVELOPMENT_TEAM = UUHXR699G4;
				INFOPLIST_FILE = fear/Info.plist;
				LD_RUNPATH_SEARCH_PATHS = (
					"$(inherited)",
					"@executable_path/Frameworks",
				);
				PRODUCT_BUNDLE_IDENTIFIER = com.ridolud.fear;
				PRODUCT_NAME = "$(TARGET_NAME)";
				SWIFT_VERSION = 5.0;
				TARGETED_DEVICE_FAMILY = "1,2";
			};
			name = Debug;
		};
		7F3CE98D22925D4F008DFC9E /* Release */ = {
			isa = XCBuildConfiguration;
			buildSettings = {
				ASSETCATALOG_COMPILER_APPICON_NAME = AppIcon;
				CODE_SIGN_STYLE = Automatic;
				DEVELOPMENT_TEAM = UUHXR699G4;
				INFOPLIST_FILE = fear/Info.plist;
				LD_RUNPATH_SEARCH_PATHS = (
					"$(inherited)",
					"@executable_path/Frameworks",
				);
				PRODUCT_BUNDLE_IDENTIFIER = com.ridolud.fear;
				PRODUCT_NAME = "$(TARGET_NAME)";
				SWIFT_VERSION = 5.0;
				TARGETED_DEVICE_FAMILY = "1,2";
			};
			name = Release;
		};
/* End XCBuildConfiguration section */

/* Begin XCConfigurationList section */
		7F3CE97122925D4D008DFC9E /* Build configuration list for PBXProject "fear" */ = {
			isa = XCConfigurationList;
			buildConfigurations = (
				7F3CE98922925D4F008DFC9E /* Debug */,
				7F3CE98A22925D4F008DFC9E /* Release */,
			);
			defaultConfigurationIsVisible = 0;
			defaultConfigurationName = Release;
		};
		7F3CE98B22925D4F008DFC9E /* Build configuration list for PBXNativeTarget "fear" */ = {
			isa = XCConfigurationList;
			buildConfigurations = (
				7F3CE98C22925D4F008DFC9E /* Debug */,
				7F3CE98D22925D4F008DFC9E /* Release */,
			);
			defaultConfigurationIsVisible = 0;
			defaultConfigurationName = Release;
		};
/* End XCConfigurationList section */

/* Begin XCVersionGroup section */
		7F3CE98022925D4D008DFC9E /* fear.xcdatamodeld */ = {
			isa = XCVersionGroup;
			children = (
				7F3CE98122925D4D008DFC9E /* fear.xcdatamodel */,
			);
			currentVersion = 7F3CE98122925D4D008DFC9E /* fear.xcdatamodel */;
			path = fear.xcdatamodeld;
			sourceTree = "<group>";
			versionGroupType = wrapper.xcdatamodel;
		};
/* End XCVersionGroup section */
	};
	rootObject = 7F3CE96E22925D4D008DFC9E /* Project object */;
}
